# This file is autogenerated, do not edit; changes may be undone by the next 'dep ensure'.


[[projects]]
  digest = "1:a2682518d905d662d984ef9959984ef87cecb777d379bfa9d9fe40e78069b3e4"
  name = "github.com/PuerkitoBio/purell"
  packages = ["."]
  pruneopts = "UT"
  revision = "44968752391892e1b0d0b821ee79e9a85fa13049"
  version = "v1.1.1"

[[projects]]
  branch = "master"
  digest = "1:c739832d67eb1e9cc478a19cc1a1ccd78df0397bf8a32978b759152e205f644b"
  name = "github.com/PuerkitoBio/urlesc"
  packages = ["."]
  pruneopts = "UT"
  revision = "de5bf2ad457846296e2031421a34e2568e304e35"

[[projects]]
  branch = "master"
  digest = "1:315c5f2f60c76d89b871c73f9bd5fe689cad96597afd50fb9992228ef80bdd34"
  name = "github.com/alecthomas/template"
  packages = [
    ".",
    "parse",
  ]
  pruneopts = "UT"
  revision = "a0175ee3bccc567396460bf5acd36800cb10c49c"

[[projects]]
  digest = "1:740f0e477ddda011071f5e076ac9d38a0f6cee3ad3a924ab2acdd45b74a3c05c"
  name = "github.com/apex/log"
  packages = ["."]
  pruneopts = "UT"
  revision = "941dea75d3ebfbdd905a5d8b7b232965c5e5c684"
  version = "v1.1.0"

[[projects]]
  digest = "1:a571648c5f1a3f20fa405d1cf924b941c5bb236ea6d0565a63c0994e38dd8f82"
  name = "github.com/caarlos0/env"
  packages = ["."]
  pruneopts = "UT"
  revision = "518fcfb943252f77846f92ce5794086d9cb4a1b5"
  version = "v3.5.0"

[[projects]]
  branch = "master"
  digest = "1:44ff04468ffd7a0d0e690065cb330823ebea495bc9e5c8754b86021c2233025b"
  name = "github.com/gin-contrib/sse"
  packages = ["."]
  pruneopts = "UT"
  revision = "996076df5b3348fd04ff02aa5f9abd971c2d2d28"

[[projects]]
  digest = "1:d5083934eb25e45d17f72ffa86cae3814f4a9d6c073c4f16b64147169b245606"
  name = "github.com/gin-gonic/gin"
  packages = [
    ".",
    "binding",
    "json",
    "render",
  ]
  pruneopts = "UT"
  revision = "b869fe1415e4b9eb52f247441830d502aece2d4d"
  version = "v1.3.0"

[[projects]]
  branch = "master"
  digest = "1:78102ee4d536347316bc42e818340cc50902e45dbd7fdd524c5a1fc0cb07b588"
  name = "github.com/globalsign/mgo"
  packages = [
    ".",
    "bson",
    "internal/json",
    "internal/sasl",
    "internal/scram",
  ]
  pruneopts = "UT"
  revision = "eeefdecb41b842af6dc652aaea4026e8403e62df"

[[projects]]
  digest = "1:953a2628e4c5c72856b53f5470ed5e071c55eccf943d798d42908102af2a610f"
  name = "github.com/go-openapi/jsonpointer"
  packages = ["."]
  pruneopts = "UT"
  revision = "ef5f0afec364d3b9396b7b77b43dbe26bf1f8004"
  version = "v0.18.0"

[[projects]]
  digest = "1:81210e0af657a0fb3638932ec68e645236bceefa4c839823db0c4d918f080895"
  name = "github.com/go-openapi/jsonreference"
  packages = ["."]
  pruneopts = "UT"
  revision = "8483a886a90412cd6858df4ea3483dce9c8e35a3"
  version = "v0.18.0"

[[projects]]
  digest = "1:08656ef9c5a45ddccb7f206ca2d67e12e9fcda4122a83dc0544b5c967267cefa"
  name = "github.com/go-openapi/spec"
  packages = ["."]
  pruneopts = "UT"
  revision = "5b6cdde3200976e3ecceb2868706ee39b6aff3e4"
  version = "v0.18.0"

[[projects]]
  digest = "1:0005186c6608dd542239ac8e4f4f1e2e7c24d493e999113c46b93332f0362fc0"
  name = "github.com/go-openapi/swag"
  packages = ["."]
  pruneopts = "UT"
  revision = "1d29f06aebd59ccdf11ae04aa0334ded96e2d909"
  version = "v0.18.0"

[[projects]]
  digest = "1:318f1c959a8a740366fce4b1e1eb2fd914036b4af58fbd0a003349b305f118ad"
  name = "github.com/golang/protobuf"
  packages = ["proto"]
  pruneopts = "UT"
  revision = "c823c79ea1570fb5ff454033735a8e68575d1d0f"
  version = "v1.3.0"

[[projects]]
  digest = "1:3e551bbb3a7c0ab2a2bf4660e7fcad16db089fdcfbb44b0199e62838038623ea"
  name = "github.com/json-iterator/go"
  packages = ["."]
  pruneopts = "UT"
  revision = "1624edc4454b8682399def8740d46db5e4362ba4"
  version = "v1.1.5"

[[projects]]
  branch = "master"
  digest = "1:84a5a2b67486d5d67060ac393aa255d05d24ed5ee41daecd5635ec22657b6492"
  name = "github.com/mailru/easyjson"
  packages = [
    "buffer",
    "jlexer",
    "jwriter",
  ]
  pruneopts = "UT"
  revision = "6243d8e04c3f819e79757e8bc3faa15c3cb27003"

[[projects]]
  digest = "1:3bb9c8451d199650bfd303e0068d86f135952fead374ad87c09a9b8a2cc4bd7c"
  name = "github.com/mattn/go-isatty"
  packages = ["."]
  pruneopts = "UT"
  revision = "369ecd8cea9851e459abb67eb171853e3986591e"
  version = "v0.0.6"

[[projects]]
  digest = "1:33422d238f147d247752996a26574ac48dcf472976eda7f5134015f06bf16563"
  name = "github.com/modern-go/concurrent"
  packages = ["."]
  pruneopts = "UT"
  revision = "bacd9c7ef1dd9b15be4a9909b8ac7a4e313eec94"
  version = "1.0.3"

[[projects]]
  digest = "1:e32bdbdb7c377a07a9a46378290059822efdce5c8d96fe71940d87cb4f918855"
  name = "github.com/modern-go/reflect2"
  packages = ["."]
  pruneopts = "UT"
  revision = "4b7aa43c6742a2c18fdef89dd197aaae7dac7ccd"
  version = "1.0.1"

[[projects]]
  digest = "1:cf31692c14422fa27c83a05292eb5cbe0fb2775972e8f1f8446a71549bd8980b"
  name = "github.com/pkg/errors"
  packages = ["."]
  pruneopts = "UT"
  revision = "ba968bfe8b2f7e042a574c888954fccecfa385b4"
  version = "v0.8.1"

[[projects]]
  digest = "1:a2483fb0b41ce36a0d457a9f98c9e4ecf714fa2663a95ffaef5b57b907dc4bc4"
  name = "github.com/swaggo/gin-swagger"
  packages = [
    ".",
    "swaggerFiles",
  ]
  pruneopts = "UT"
  revision = "ea4ea9de0c1dfbdab6e540e7723828953babdf4b"
  version = "v1.1.0"

[[projects]]
  digest = "1:6a7e221ae4af26ee4af2247bf295f9425c897728e83cf81040e6d4d2e7f35828"
  name = "github.com/swaggo/swag"
  packages = [
    ".",
    "example/celler/docs",
    "example/celler/httputil",
  ]
  pruneopts = "UT"
  revision = "d95e114626732976ed73a165365089d6e21986cc"
  version = "v1.4.1"

[[projects]]
  digest = "1:4887e9e89c80299aa520d718239809fdd2a47a9aa394909b169959bfbc424ddf"
  name = "github.com/ugorji/go"
  packages = ["codec"]
  pruneopts = "UT"
  revision = "8fd0f8d918c8f0b52d0af210a812ba882cc31a1e"
  version = "v1.1.2"

[[projects]]
  branch = "master"
  digest = "1:acae2290a0973e33220939c84711b12ce4b92c8723c9946ec92aabcf3a553848"
  name = "golang.org/x/net"
  packages = [
    "context",
    "idna",
    "webdav",
    "webdav/internal/xml",
  ]
  pruneopts = "UT"
  revision = "c95aed5357e77a4bf7d3955c46740000a17adee1"

[[projects]]
  branch = "master"
  digest = "1:d0e9a312c4610a508569ab25e54d34600b1a96d19b1866ece104ffdf1c1b9d2c"
  name = "golang.org/x/sys"
  packages = ["unix"]
  pruneopts = "UT"
  revision = "775f8194d0f9e65c46913c7be783d3d95a29333c"

[[projects]]
  digest = "1:0c56024909189aee3364b7f21a95a27459f718aa7c199a5c111c36cfffd9eaef"
  name = "golang.org/x/text"
  packages = [
    "collate",
    "collate/build",
    "internal/colltab",
    "internal/gen",
    "internal/tag",
    "internal/triegen",
    "internal/ucd",
    "language",
    "secure/bidirule",
    "transform",
    "unicode/bidi",
    "unicode/cldr",
    "unicode/norm",
    "unicode/rangetable",
    "width",
  ]
  pruneopts = "UT"
  revision = "f21a4dfb5e38f5895301dc265a8def02365cc3d0"
  version = "v0.3.0"

[[projects]]
  branch = "master"
  digest = "1:a99b52ff45e7b215b683682e89a52f6598869684a8917d0a7f8136cb16eab553"
  name = "golang.org/x/tools"
  packages = [
    "go/ast/astutil",
    "go/buildutil",
    "go/internal/cgo",
    "go/loader",
  ]
  pruneopts = "UT"
  revision = "f0a709d59f0fd2d705cf7767149e23a7a99f585b"

[[projects]]
  digest = "1:cbc72c4c4886a918d6ab4b95e347ffe259846260f99ebdd8a198c2331cf2b2e9"
  name = "gopkg.in/go-playground/validator.v8"
  packages = ["."]
  pruneopts = "UT"
  revision = "5f1438d3fca68893a817e4a66806cea46a9e4ebf"
  version = "v8.18.2"

[[projects]]
  digest = "1:4d2e5a73dc1500038e504a8d78b986630e3626dc027bc030ba5c75da257cdb96"
  name = "gopkg.in/yaml.v2"
  packages = ["."]
  pruneopts = "UT"
  revision = "51d6538a90f86fe93ac480b35f37b2be17fef232"
  version = "v2.2.2"

[solve-meta]
  analyzer-name = "dep"
  analyzer-version = 1
  input-imports = [
    "github.com/alecthomas/template",
    "github.com/apex/log",
    "github.com/caarlos0/env",
    "github.com/gin-gonic/gin",
    "github.com/globalsign/mgo",
    "github.com/globalsign/mgo/bson",
    "github.com/swaggo/gin-swagger",
    "github.com/swaggo/gin-swagger/swaggerFiles",
    "github.com/swaggo/swag",
    "github.com/swaggo/swag/example/celler/docs",
    "github.com/swaggo/swag/example/celler/httputil",
  ]
  solver-name = "gps-cdcl"
  solver-version = 1
